
Microsoft Visual Studio Solution File, Format Version 12.00
Project("{FAE04EC0-301F-11D3-BF4B-00C04F79EFBC}") = "WebProje", "WebProje\WebProje.csproj", "{DEC69FBF-FB57-4148-B443-BB636E0E200E}"
EndProject
Global
	GlobalSection(SolutionConfigurationPlatforms) = preSolution
		Debug|Any CPU = Debug|Any CPU
		Release|Any CPU = Release|Any CPU
	EndGlobalSection
	GlobalSection(ProjectConfigurationPlatforms) = postSolution
		{DEC69FBF-FB57-4148-B443-BB636E0E200E}.Debug|Any CPU.ActiveCfg = Debug|Any CPU
		{DEC69FBF-FB57-4148-B443-BB636E0E200E}.Debug|Any CPU.Build.0 = Debug|Any CPU
		{DEC69FBF-FB57-4148-B443-BB636E0E200E}.Release|Any CPU.ActiveCfg = Release|Any CPU
		{DEC69FBF-FB57-4148-B443-BB636E0E200E}.Release|Any CPU.Build.0 = Release|Any CPU
	EndGlobalSection
EndGlobal
